
Microsoft Visual Studio Solution File, Format Version 12.00
# Visual Studio Version 16
VisualStudioVersion = 16.0.28803.916
MinimumVisualStudioVersion = 10.0.40219.1
Project("{FAE04EC0-301F-11D3-BF4B-00C04F79EFBC}") = "LAB3", "LAB3.csproj", "{EF49454C-777B-4368-9C64-D820A62C4EF7}"
EndProject
Global
	GlobalSection(SolutionConfigurationPlatforms) = preSolution
		Debug|Any CPU = Debug|Any CPU
		Release|Any CPU = Release|Any CPU
	EndGlobalSection
	GlobalSection(ProjectConfigurationPlatforms) = postSolution
		{EF49454C-777B-4368-9C64-D820A62C4EF7}.Debug|Any CPU.ActiveCfg = Debug|Any CPU
		{EF49454C-777B-4368-9C64-D820A62C4EF7}.Debug|Any CPU.Build.0 = Debug|Any CPU
		{EF49454C-777B-4368-9C64-D820A62C4EF7}.Release|Any CPU.ActiveCfg = Release|Any CPU
		{EF49454C-777B-4368-9C64-D820A62C4EF7}.Release|Any CPU.Build.0 = Release|Any CPU
	EndGlobalSection
	GlobalSection(SolutionProperties) = preSolution
		HideSolutionNode = FALSE
	EndGlobalSection
	GlobalSection(ExtensibilityGlobals) = postSolution
		SolutionGuid = {C0585A95-34DF-42C4-8976-2225FF9F200E}
	EndGlobalSection
EndGlobal
